
Microsoft Visual Studio Solution File, Format Version 12.00
# Visual Studio 15
VisualStudioVersion = 15.0.27004.2002
MinimumVisualStudioVersion = 10.0.40219.1
Project("{FAE04EC0-301F-11D3-BF4B-00C04F79EFBC}") = "IPSCIMOB", "IPSCIMOB\IPSCIMOB.csproj", "{350DA993-34A3-4CDF-90FC-F25747DD6CFC}"
EndProject
Global
	GlobalSection(SolutionConfigurationPlatforms) = preSolution
		Debug|Any CPU = Debug|Any CPU
		Release|Any CPU = Release|Any CPU
	EndGlobalSection
	GlobalSection(ProjectConfigurationPlatforms) = postSolution
		{350DA993-34A3-4CDF-90FC-F25747DD6CFC}.Debug|Any CPU.ActiveCfg = Debug|Any CPU
		{350DA993-34A3-4CDF-90FC-F25747DD6CFC}.Debug|Any CPU.Build.0 = Debug|Any CPU
		{350DA993-34A3-4CDF-90FC-F25747DD6CFC}.Release|Any CPU.ActiveCfg = Release|Any CPU
		{350DA993-34A3-4CDF-90FC-F25747DD6CFC}.Release|Any CPU.Build.0 = Release|Any CPU
	EndGlobalSection
	GlobalSection(SolutionProperties) = preSolution
		HideSolutionNode = FALSE
	EndGlobalSection
	GlobalSection(ExtensibilityGlobals) = postSolution
		SolutionGuid = {99F1926C-6A2A-4C70-AFE9-A2447604F72B}
	EndGlobalSection
EndGlobal
